
Microsoft Visual Studio Solution File, Format Version 12.00
# Visual Studio Version 17
VisualStudioVersion = 17.3.32922.545
MinimumVisualStudioVersion = 10.0.40219.1
Project("{FAE04EC0-301F-11D3-BF4B-00C04F79EFBC}") = "WebApi", "WebApi\WebApi.csproj", "{5838B452-5E64-4F6D-93ED-E33A5AADCB2A}"
EndProject
Global
	GlobalSection(SolutionConfigurationPlatforms) = preSolution
		Debug|Any CPU = Debug|Any CPU
		Release|Any CPU = Release|Any CPU
	EndGlobalSection
	GlobalSection(ProjectConfigurationPlatforms) = postSolution
		{5838B452-5E64-4F6D-93ED-E33A5AADCB2A}.Debug|Any CPU.ActiveCfg = Debug|Any CPU
		{5838B452-5E64-4F6D-93ED-E33A5AADCB2A}.Debug|Any CPU.Build.0 = Debug|Any CPU
		{5838B452-5E64-4F6D-93ED-E33A5AADCB2A}.Release|Any CPU.ActiveCfg = Release|Any CPU
		{5838B452-5E64-4F6D-93ED-E33A5AADCB2A}.Release|Any CPU.Build.0 = Release|Any CPU
	EndGlobalSection
	GlobalSection(SolutionProperties) = preSolution
		HideSolutionNode = FALSE
	EndGlobalSection
	GlobalSection(ExtensibilityGlobals) = postSolution
		SolutionGuid = {4A3245D8-C14A-4DE0-80EA-40ABF174C4DF}
	EndGlobalSection
EndGlobal
